schema: '2.0'
stages:
  train:
    cmd: python3 train.py
    deps:
    - path: ../data/rightmove_processed.parquet
      hash: md5
      md5: f6ff28c40bd614ed5d99bddb4744f5b9
      size: 26937508
    - path: train.py
      hash: md5
      md5: da954079eb60a1b20ed608d58f3fc4a2
      size: 873
    outs:
    - path: ../model/model.pkl
      hash: md5
      md5: d5bb8468f33c6b143bbb0415e6ab6e10
      size: 113623
    - path: metrics.json
      hash: md5
      md5: 6c02e8f05324364c05d7b3d100647b21
      size: 27
